
Microsoft Visual Studio Solution File, Format Version 12.00
# Visual Studio 2012
Project("{FAE04EC0-301F-11D3-BF4B-00C04F79EFBC}") = "Ships", "Ships\Ships.csproj", "{71F40568-44B2-417D-B583-7153013261CC}"
EndProject
Global
	GlobalSection(SolutionConfigurationPlatforms) = preSolution
		Debug|Any CPU = Debug|Any CPU
		Release|Any CPU = Release|Any CPU
	EndGlobalSection
	GlobalSection(ProjectConfigurationPlatforms) = postSolution
		{71F40568-44B2-417D-B583-7153013261CC}.Debug|Any CPU.ActiveCfg = Debug|Any CPU
		{71F40568-44B2-417D-B583-7153013261CC}.Debug|Any CPU.Build.0 = Debug|Any CPU
		{71F40568-44B2-417D-B583-7153013261CC}.Release|Any CPU.ActiveCfg = Release|Any CPU
		{71F40568-44B2-417D-B583-7153013261CC}.Release|Any CPU.Build.0 = Release|Any CPU
	EndGlobalSection
	GlobalSection(SolutionProperties) = preSolution
		HideSolutionNode = FALSE
	EndGlobalSection
EndGlobal
